
Microsoft Visual Studio Solution File, Format Version 12.00
# Visual Studio Version 17
VisualStudioVersion = 17.13.35828.75 d17.13
MinimumVisualStudioVersion = 10.0.40219.1
Project("{FAE04EC0-301F-11D3-BF4B-00C04F79EFBC}") = "Revision_Logicals", "Revision_Logicals.csproj", "{628EF2EF-D309-4807-9B7B-D34F599BE566}"
EndProject
Global
	GlobalSection(SolutionConfigurationPlatforms) = preSolution
		Debug|Any CPU = Debug|Any CPU
		Release|Any CPU = Release|Any CPU
	EndGlobalSection
	GlobalSection(ProjectConfigurationPlatforms) = postSolution
		{628EF2EF-D309-4807-9B7B-D34F599BE566}.Debug|Any CPU.ActiveCfg = Debug|Any CPU
		{628EF2EF-D309-4807-9B7B-D34F599BE566}.Debug|Any CPU.Build.0 = Debug|Any CPU
		{628EF2EF-D309-4807-9B7B-D34F599BE566}.Release|Any CPU.ActiveCfg = Release|Any CPU
		{628EF2EF-D309-4807-9B7B-D34F599BE566}.Release|Any CPU.Build.0 = Release|Any CPU
	EndGlobalSection
	GlobalSection(SolutionProperties) = preSolution
		HideSolutionNode = FALSE
	EndGlobalSection
	GlobalSection(ExtensibilityGlobals) = postSolution
		SolutionGuid = {709FFE30-0901-4CED-A32E-048B395A2E7C}
	EndGlobalSection
EndGlobal
